
Microsoft Visual Studio Solution File, Format Version 12.00
# Visual Studio 15
VisualStudioVersion = 15.0.28307.572
MinimumVisualStudioVersion = 10.0.40219.1
Project("{FAE04EC0-301F-11D3-BF4B-00C04F79EFBC}") = "WebApplication1", "WebApplication1\WebApplication1.csproj", "{09866D95-2ADB-4497-867A-356262FA0E61}"
EndProject
Global
	GlobalSection(SolutionConfigurationPlatforms) = preSolution
		Debug|Any CPU = Debug|Any CPU
		Release|Any CPU = Release|Any CPU
	EndGlobalSection
	GlobalSection(ProjectConfigurationPlatforms) = postSolution
		{09866D95-2ADB-4497-867A-356262FA0E61}.Debug|Any CPU.ActiveCfg = Debug|Any CPU
		{09866D95-2ADB-4497-867A-356262FA0E61}.Debug|Any CPU.Build.0 = Debug|Any CPU
		{09866D95-2ADB-4497-867A-356262FA0E61}.Release|Any CPU.ActiveCfg = Release|Any CPU
		{09866D95-2ADB-4497-867A-356262FA0E61}.Release|Any CPU.Build.0 = Release|Any CPU
	EndGlobalSection
	GlobalSection(SolutionProperties) = preSolution
		HideSolutionNode = FALSE
	EndGlobalSection
	GlobalSection(ExtensibilityGlobals) = postSolution
		SolutionGuid = {3EE3279D-7CC6-49A0-A0F6-3D9787118052}
	EndGlobalSection
EndGlobal
